// !$*UTF8*$!
{
	archiveVersion = 1;
	classes = {
	};
	objectVersion = 50;
	objects = {

/* Begin PBXBuildFile section */
		602C7B53218F46F50024AB7E /* AppDelegate.swift in Sources */ = {isa = PBXBuildFile; fileRef = 602C7B52218F46F50024AB7E /* AppDelegate.swift */; };
		602C7B55218F46F50024AB7E /* AJMBubbleViewController.swift in Sources */ = {isa = PBXBuildFile; fileRef = 602C7B54218F46F50024AB7E /* AJMBubbleViewController.swift */; };
		602C7B58218F46F50024AB7E /* Main.storyboard in Resources */ = {isa = PBXBuildFile; fileRef = 602C7B56218F46F50024AB7E /* Main.storyboard */; };
		602C7B5A218F46F60024AB7E /* Assets.xcassets in Resources */ = {isa = PBXBuildFile; fileRef = 602C7B59218F46F60024AB7E /* Assets.xcassets */; };
		602C7B5D218F46F70024AB7E /* LaunchScreen.storyboard in Resources */ = {isa = PBXBuildFile; fileRef = 602C7B5B218F46F70024AB7E /* LaunchScreen.storyboard */; };
		602C7B65218F48170024AB7E /* AJMView.swift in Sources */ = {isa = PBXBuildFile; fileRef = 602C7B64218F48170024AB7E /* AJMView.swift */; };
		60F19D9D219099D0006A1854 /* SampleViewController.swift in Sources */ = {isa = PBXBuildFile; fileRef = 60F19D9C219099D0006A1854 /* SampleViewController.swift */; };
/* End PBXBuildFile section */

/* Begin PBXFileReference section */
		602C7B4F218F46F50024AB7E /* AJMBubbleView.app */ = {isa = PBXFileReference; explicitFileType = wrapper.application; includeInIndex = 0; path = AJMBubbleView.app; sourceTree = BUILT_PRODUCTS_DIR; };
		602C7B52218F46F50024AB7E /* AppDelegate.swift */ = {isa = PBXFileReference; lastKnownFileType = sourcecode.swift; path = AppDelegate.swift; sourceTree = "<group>"; };
		602C7B54218F46F50024AB7E /* AJMBubbleViewController.swift */ = {isa = PBXFileReference; lastKnownFileType = sourcecode.swift; path = AJMBubbleViewController.swift; sourceTree = "<group>"; };
		602C7B57218F46F50024AB7E /* Base */ = {isa = PBXFileReference; lastKnownFileType = file.storyboard; name = Base; path = Base.lproj/Main.storyboard; sourceTree = "<group>"; };
		602C7B59218F46F60024AB7E /* Assets.xcassets */ = {isa = PBXFileReference; lastKnownFileType = folder.assetcatalog; path = Assets.xcassets; sourceTree = "<group>"; };
		602C7B5C218F46F70024AB7E /* Base */ = {isa = PBXFileReference; lastKnownFileType = file.storyboard; name = Base; path = Base.lproj/LaunchScreen.storyboard; sourceTree = "<group>"; };
		602C7B5E218F46F70024AB7E /* Info.plist */ = {isa = PBXFileReference; lastKnownFileType = text.plist.xml; path = Info.plist; sourceTree = "<group>"; };
		602C7B64218F48170024AB7E /* AJMView.swift */ = {isa = PBXFileReference; lastKnownFileType = sourcecode.swift; path = AJMView.swift; sourceTree = "<group>"; };
		60F19D9C219099D0006A1854 /* SampleViewController.swift */ = {isa = PBXFileReference; lastKnownFileType = sourcecode.swift; path = SampleViewController.swift; sourceTree = "<group>"; };
/* End PBXFileReference section */

/* Begin PBXFrameworksBuildPhase section */
		602C7B4C218F46F50024AB7E /* Frameworks */ = {
			isa = PBXFrameworksBuildPhase;
			buildActionMask = 2147483647;
			files = (
			);
			runOnlyForDeploymentPostprocessing = 0;
		};
/* End PBXFrameworksBuildPhase section */

/* Begin PBXGroup section */
		602C7B46218F46F50024AB7E = {
			isa = PBXGroup;
			children = (
				602C7B51218F46F50024AB7E /* AJMBubbleView */,
				602C7B50218F46F50024AB7E /* Products */,
			);
			sourceTree = "<group>";
		};
		602C7B50218F46F50024AB7E /* Products */ = {
			isa = PBXGroup;
			children = (
				602C7B4F218F46F50024AB7E /* AJMBubbleView.app */,
			);
			name = Products;
			sourceTree = "<group>";
		};
		602C7B51218F46F50024AB7E /* AJMBubbleView */ = {
			isa = PBXGroup;
			children = (
				602C7B64218F48170024AB7E /* AJMView.swift */,
				602C7B52218F46F50024AB7E /* AppDelegate.swift */,
				602C7B54218F46F50024AB7E /* AJMBubbleViewController.swift */,
				602C7B56218F46F50024AB7E /* Main.storyboard */,
				602C7B59218F46F60024AB7E /* Assets.xcassets */,
				602C7B5B218F46F70024AB7E /* LaunchScreen.storyboard */,
				602C7B5E218F46F70024AB7E /* Info.plist */,
				60F19D9C219099D0006A1854 /* SampleViewController.swift */,
			);
			path = AJMBubbleView;
			sourceTree = "<group>";
		};
/* End PBXGroup section */

/* Begin PBXNativeTarget section */
		602C7B4E218F46F50024AB7E /* AJMBubbleView */ = {
			isa = PBXNativeTarget;
			buildConfigurationList = 602C7B61218F46F70024AB7E /* Build configuration list for PBXNativeTarget "AJMBubbleView" */;
			buildPhases = (
				602C7B4B218F46F50024AB7E /* Sources */,
				602C7B4C218F46F50024AB7E /* Frameworks */,
				602C7B4D218F46F50024AB7E /* Resources */,
			);
			buildRules = (
			);
			dependencies = (
			);
			name = AJMBubbleView;
			productName = ConstraintSample;
			productReference = 602C7B4F218F46F50024AB7E /* AJMBubbleView.app */;
			productType = "com.apple.product-type.application";
		};
/* End PBXNativeTarget section */

/* Begin PBXProject section */
		602C7B47218F46F50024AB7E /* Project object */ = {
			isa = PBXProject;
			attributes = {
				LastSwiftUpdateCheck = 1000;
				LastUpgradeCheck = 1000;
				ORGANIZATIONNAME = TheKairuz;
				TargetAttributes = {
					602C7B4E218F46F50024AB7E = {
						CreatedOnToolsVersion = 10.0;
					};
				};
			};
			buildConfigurationList = 602C7B4A218F46F50024AB7E /* Build configuration list for PBXProject "AJMBubbleView" */;
			compatibilityVersion = "Xcode 9.3";
			developmentRegion = en;
			hasScannedForEncodings = 0;
			knownRegions = (
				en,
				Base,
			);
			mainGroup = 602C7B46218F46F50024AB7E;
			productRefGroup = 602C7B50218F46F50024AB7E /* Products */;
			projectDirPath = "";
			projectRoot = "";
			targets = (
				602C7B4E218F46F50024AB7E /* AJMBubbleView */,
			);
		};
/* End PBXProject section */

/* Begin PBXResourcesBuildPhase section */
		602C7B4D218F46F50024AB7E /* Resources */ = {
			isa = PBXResourcesBuildPhase;
			buildActionMask = 2147483647;
			files = (
				602C7B5D218F46F70024AB7E /* LaunchScreen.storyboard in Resources */,
				602C7B5A218F46F60024AB7E /* Assets.xcassets in Resources */,
				602C7B58218F46F50024AB7E /* Main.storyboard in Resources */,
			);
			runOnlyForDeploymentPostprocessing = 0;
		};
/* End PBXResourcesBuildPhase section */

/* Begin PBXSourcesBuildPhase section */
		602C7B4B218F46F50024AB7E /* Sources */ = {
			isa = PBXSourcesBuildPhase;
			buildActionMask = 2147483647;
			files = (
				602C7B55218F46F50024AB7E /* AJMBubbleViewController.swift in Sources */,
				602C7B65218F48170024AB7E /* AJMView.swift in Sources */,
				60F19D9D219099D0006A1854 /* SampleViewController.swift in Sources */,
				602C7B53218F46F50024AB7E /* AppDelegate.swift in Sources */,
			);
			runOnlyForDeploymentPostprocessing = 0;
		};
/* End PBXSourcesBuildPhase section */

/* Begin PBXVariantGroup section */
		602C7B56218F46F50024AB7E /* Main.storyboard */ = {
			isa = PBXVariantGroup;
			children = (
				602C7B57218F46F50024AB7E /* Base */,
			);
			name = Main.storyboard;
			sourceTree = "<group>";
		};
		602C7B5B218F46F70024AB7E /* LaunchScreen.storyboard */ = {
			isa = PBXVariantGroup;
			children = (
				602C7B5C218F46F70024AB7E /* Base */,
			);
			name = LaunchScreen.storyboard;
			sourceTree = "<group>";
		};
/* End PBXVariantGroup section */

/* Begin XCBuildConfiguration section */
		602C7B5F218F46F70024AB7E /* Debug */ = {
			isa = XCBuildConfiguration;
			buildSettings = {
				ALWAYS_SEARCH_USER_PATHS = NO;
				CLANG_ANALYZER_NONNULL = YES;
				CLANG_ANALYZER_NUMBER_OBJECT_CONVERSION = YES_AGGRESSIVE;
				CLANG_CXX_LANGUAGE_STANDARD = "gnu++14";
				CLANG_CXX_LIBRARY = "libc++";
				CLANG_ENABLE_MODULES = YES;
				CLANG_ENABLE_OBJC_ARC = YES;
				CLANG_ENABLE_OBJC_WEAK = YES;
				CLANG_WARN_BLOCK_CAPTURE_AUTORELEASING = YES;
				CLANG_WARN_BOOL_CONVERSION = YES;
				CLANG_WARN_COMMA = YES;
				CLANG_WARN_CONSTANT_CONVERSION = YES;
				CLANG_WARN_DEPRECATED_OBJC_IMPLEMENTATIONS = YES;
				CLANG_WARN_DIRECT_OBJC_ISA_USAGE = YES_ERROR;
				CLANG_WARN_DOCUMENTATION_COMMENTS = YES;
				CLANG_WARN_EMPTY_BODY = YES;
				CLANG_WARN_ENUM_CONVERSION = YES;
				CLANG_WARN_INFINITE_RECURSION = YES;
				CLANG_WARN_INT_CONVERSION = YES;
				CLANG_WARN_NON_LITERAL_NULL_CONVERSION = YES;
				CLANG_WARN_OBJC_IMPLICIT_RETAIN_SELF = YES;
				CLANG_WARN_OBJC_LITERAL_CONVERSION = YES;
				CLANG_WARN_OBJC_ROOT_CLASS = YES_ERROR;
				CLANG_WARN_RANGE_LOOP_ANALYSIS = YES;
				CLANG_WARN_STRICT_PROTOTYPES = YES;
				CLANG_WARN_SUSPICIOUS_MOVE = YES;
				CLANG_WARN_UNGUARDED_AVAILABILITY = YES_AGGRESSIVE;
				CLANG_WARN_UNREACHABLE_CODE = YES;
				CLANG_WARN__DUPLICATE_METHOD_MATCH = YES;
				CODE_SIGN_IDENTITY = "iPhone Developer";
				COPY_PHASE_STRIP = NO;
				DEBUG_INFORMATION_FORMAT = dwarf;
				ENABLE_STRICT_OBJC_MSGSEND = YES;
				ENABLE_TESTABILITY = YES;
				GCC_C_LANGUAGE_STANDARD = gnu11;
				GCC_DYNAMIC_NO_PIC = NO;
				GCC_NO_COMMON_BLOCKS = YES;
				GCC_OPTIMIZATION_LEVEL = 0;
				GCC_PREPROCESSOR_DEFINITIONS = (
					"DEBUG=1",
					"$(inherited)",
				);
				GCC_WARN_64_TO_32_BIT_CONVERSION = YES;
				GCC_WARN_ABOUT_RETURN_TYPE = YES_ERROR;
				GCC_WARN_UNDECLARED_SELECTOR = YES;
				GCC_WARN_UNINITIALIZED_AUTOS = YES_AGGRESSIVE;
				GCC_WARN_UNUSED_FUNCTION = YES;
				GCC_WARN_UNUSED_VARIABLE = YES;
				IPHONEOS_DEPLOYMENT_TARGET = 12.0;
				MTL_ENABLE_DEBUG_INFO = INCLUDE_SOURCE;
				MTL_FAST_MATH = YES;
				ONLY_ACTIVE_ARCH = YES;
				SDKROOT = iphoneos;
				SWIFT_ACTIVE_COMPILATION_CONDITIONS = DEBUG;
				SWIFT_OPTIMIZATION_LEVEL = "-Onone";
			};
			name = Debug;
		};
		602C7B60218F46F70024AB7E /* Release */ = {
			isa = XCBuildConfiguration;
			buildSettings = {
				ALWAYS_SEARCH_USER_PATHS = NO;
				CLANG_ANALYZER_NONNULL = YES;
				CLANG_ANALYZER_NUMBER_OBJECT_CONVERSION = YES_AGGRESSIVE;
				CLANG_CXX_LANGUAGE_STANDARD = "gnu++14";
				CLANG_CXX_LIBRARY = "libc++";
				CLANG_ENABLE_MODULES = YES;
				CLANG_ENABLE_OBJC_ARC = YES;
				CLANG_ENABLE_OBJC_WEAK = YES;
				CLANG_WARN_BLOCK_CAPTURE_AUTORELEASING = YES;
				CLANG_WARN_BOOL_CONVERSION = YES;
				CLANG_WARN_COMMA = YES;
				CLANG_WARN_CONSTANT_CONVERSION = YES;
				CLANG_WARN_DEPRECATED_OBJC_IMPLEMENTATIONS = YES;
				CLANG_WARN_DIRECT_OBJC_ISA_USAGE = YES_ERROR;
				CLANG_WARN_DOCUMENTATION_COMMENTS = YES;
				CLANG_WARN_EMPTY_BODY = YES;
				CLANG_WARN_ENUM_CONVERSION = YES;
				CLANG_WARN_INFINITE_RECURSION = YES;
				CLANG_WARN_INT_CONVERSION = YES;
				CLANG_WARN_NON_LITERAL_NULL_CONVERSION = YES;
				CLANG_WARN_OBJC_IMPLICIT_RETAIN_SELF = YES;
				CLANG_WARN_OBJC_LITERAL_CONVERSION = YES;
				CLANG_WARN_OBJC_ROOT_CLASS = YES_ERROR;
				CLANG_WARN_RANGE_LOOP_ANALYSIS = YES;
				CLANG_WARN_STRICT_PROTOTYPES = YES;
				CLANG_WARN_SUSPICIOUS_MOVE = YES;
				CLANG_WARN_UNGUARDED_AVAILABILITY = YES_AGGRESSIVE;
				CLANG_WARN_UNREACHABLE_CODE = YES;
				CLANG_WARN__DUPLICATE_METHOD_MATCH = YES;
				CODE_SIGN_IDENTITY = "iPhone Developer";
				COPY_PHASE_STRIP = NO;
				DEBUG_INFORMATION_FORMAT = "dwarf-with-dsym";
				ENABLE_NS_ASSERTIONS = NO;
				ENABLE_STRICT_OBJC_MSGSEND = YES;
				GCC_C_LANGUAGE_STANDARD = gnu11;
				GCC_NO_COMMON_BLOCKS = YES;
				GCC_WARN_64_TO_32_BIT_CONVERSION = YES;
				GCC_WARN_ABOUT_RETURN_TYPE = YES_ERROR;
				GCC_WARN_UNDECLARED_SELECTOR = YES;
				GCC_WARN_UNINITIALIZED_AUTOS = YES_AGGRESSIVE;
				GCC_WARN_UNUSED_FUNCTION = YES;
				GCC_WARN_UNUSED_VARIABLE = YES;
				IPHONEOS_DEPLOYMENT_TARGET = 12.0;
				MTL_ENABLE_DEBUG_INFO = NO;
				MTL_FAST_MATH = YES;
				SDKROOT = iphoneos;
				SWIFT_COMPILATION_MODE = wholemodule;
				SWIFT_OPTIMIZATION_LEVEL = "-O";
				VALIDATE_PRODUCT = YES;
			};
			name = Release;
		};
		602C7B62218F46F70024AB7E /* Debug */ = {
			isa = XCBuildConfiguration;
			buildSettings = {
				ASSETCATALOG_COMPILER_APPICON_NAME = AppIcon;
				CODE_SIGN_STYLE = Automatic;
				DEVELOPMENT_TEAM = U4J2U6VS3H;
				INFOPLIST_FILE = "$(SRCROOT)/AJMBubbleView/Info.plist";
				LD_RUNPATH_SEARCH_PATHS = (
					"$(inherited)",
					"@executable_path/Frameworks",
				);
				PRODUCT_BUNDLE_IDENTIFIER = com.thekairuz.ConstraintSample;
				PRODUCT_NAME = "$(TARGET_NAME)";
				SWIFT_VERSION = 4.2;
				TARGETED_DEVICE_FAMILY = "1,2";
			};
			name = Debug;
		};
		602C7B63218F46F70024AB7E /* Release */ = {
			isa = XCBuildConfiguration;
			buildSettings = {
				ASSETCATALOG_COMPILER_APPICON_NAME = AppIcon;
				CODE_SIGN_STYLE = Automatic;
				DEVELOPMENT_TEAM = U4J2U6VS3H;
				INFOPLIST_FILE = "$(SRCROOT)/AJMBubbleView/Info.plist";
				LD_RUNPATH_SEARCH_PATHS = (
					"$(inherited)",
					"@executable_path/Frameworks",
				);
				PRODUCT_BUNDLE_IDENTIFIER = com.thekairuz.ConstraintSample;
				PRODUCT_NAME = "$(TARGET_NAME)";
				SWIFT_VERSION = 4.2;
				TARGETED_DEVICE_FAMILY = "1,2";
			};
			name = Release;
		};
/* End XCBuildConfiguration section */

/* Begin XCConfigurationList section */
		602C7B4A218F46F50024AB7E /* Build configuration list for PBXProject "AJMBubbleView" */ = {
			isa = XCConfigurationList;
			buildConfigurations = (
				602C7B5F218F46F70024AB7E /* Debug */,
				602C7B60218F46F70024AB7E /* Release */,
			);
			defaultConfigurationIsVisible = 0;
			defaultConfigurationName = Release;
		};
		602C7B61218F46F70024AB7E /* Build configuration list for PBXNativeTarget "AJMBubbleView" */ = {
			isa = XCConfigurationList;
			buildConfigurations = (
				602C7B62218F46F70024AB7E /* Debug */,
				602C7B63218F46F70024AB7E /* Release */,
			);
			defaultConfigurationIsVisible = 0;
			defaultConfigurationName = Release;
		};
/* End XCConfigurationList section */
	};
	rootObject = 602C7B47218F46F50024AB7E /* Project object */;
}
